
Microsoft Visual Studio Solution File, Format Version 12.00
# Visual Studio Version 16
VisualStudioVersion = 25.0.1706.14
MinimumVisualStudioVersion = 10.0.40219.1
Project("{FAE04EC0-301F-11D3-BF4B-00C04F79EFBC}") = "SimpleRayTracer", "SimpleRayTracer\SimpleRayTracer.csproj", "{4D2E6BBF-D88F-4AA8-B98D-0ADE8BF9F29E}"
EndProject
Project("{2150E333-8FDC-42A3-9474-1A3956D46DE8}") = "Solution Items", "Solution Items", "{30CAB662-2F8B-4879-858E-6F0C79A2BDAC}"
	ProjectSection(SolutionItems) = preProject
		README.md = README.md
	EndProjectSection
EndProject
Global
	GlobalSection(SolutionConfigurationPlatforms) = preSolution
		Debug|Any CPU = Debug|Any CPU
		Release|Any CPU = Release|Any CPU
	EndGlobalSection
	GlobalSection(ProjectConfigurationPlatforms) = postSolution
		{4D2E6BBF-D88F-4AA8-B98D-0ADE8BF9F29E}.Debug|Any CPU.ActiveCfg = Debug|Any CPU
		{4D2E6BBF-D88F-4AA8-B98D-0ADE8BF9F29E}.Debug|Any CPU.Build.0 = Debug|Any CPU
		{4D2E6BBF-D88F-4AA8-B98D-0ADE8BF9F29E}.Release|Any CPU.ActiveCfg = Release|Any CPU
		{4D2E6BBF-D88F-4AA8-B98D-0ADE8BF9F29E}.Release|Any CPU.Build.0 = Release|Any CPU
	EndGlobalSection
	GlobalSection(SolutionProperties) = preSolution
		HideSolutionNode = FALSE
	EndGlobalSection
	GlobalSection(ExtensibilityGlobals) = postSolution
		SolutionGuid = {D34826DC-5AE8-4AA4-BC77-9EAC34EA4548}
	EndGlobalSection
EndGlobal
